<?xml version="1.0" encoding="utf-8"?>
<Project ToolsVersion="4.0" xmlns="http://schemas.microsoft.com/developer/msbuild/2003">
  <ItemGroup>
    <FxCompile Include="Resources\shaders\hlsl\Particle.PS.hlsl" />
    <FxCompile Include="Resources\shaders\hlsl\Particle.VS.hlsl" />
    <None Include="Resources\shaders\hlsl\Skinning.CS.hlsl" />
  </ItemGroup>
  <ItemGroup>
    <ClCompile Include="externals\imgui\imgui.cpp" />
    <ClCompile Include="externals\imgui\imgui_demo.cpp" />
    <ClCompile Include="externals\imgui\imgui_draw.cpp" />
    <ClCompile Include="externals\imgui\imgui_impl_dx12.cpp" />
    <ClCompile Include="externals\imgui\imgui_impl_win32.cpp" />
    <ClCompile Include="externals\imgui\imgui_tables.cpp" />
    <ClCompile Include="externals\imgui\imgui_widgets.cpp" />
    <ClCompile Include="project\main.cpp" />
    <ClCompile Include="Engine\Core\Engine.cpp" />
    <ClCompile Include="Engine\Core\GameSystem.cpp" />
    <ClCompile Include="Engine\Core\GraphicsSystem.cpp" />
    <ClCompile Include="Engine\Core\InputSystem.cpp" />
    <ClCompile Include="Engine\Core\WindowSystem.cpp" />
    <ClCompile Include="Engine\Window\WinApp.cpp" />
    <ClCompile Include="Engine\Graphics\DirectXShaderCompiler.cpp" />
    <ClCompile Include="Engine\Graphics\ImGuiManager.cpp" />
    <ClCompile Include="Engine\Graphics\SrvManager.cpp" />
    <ClCompile Include="Engine\Graphics\TextureManager.cpp" />
    <ClCompile Include="Engine\Graphics\D3DResourceLeakChecker.cpp" />
    <ClCompile Include="Engine\Graphics\DirectXCommon.cpp" />
    <ClCompile Include="Engine\Graphics\2D\Sprite.cpp" />
    <ClCompile Include="Engine\Graphics\2D\SpriteCommon.cpp" />
    <ClCompile Include="Engine\Graphics\3D\Model.cpp" />
    <ClCompile Include="Engine\Graphics\3D\ModelManager.cpp" />
    <ClCompile Include="Engine\Graphics\3D\Object3d.cpp" />
    <ClCompile Include="Engine\Graphics\3D\Object3dCommon.cpp" />
    <ClCompile Include="Engine\Graphics\3D\Object3DSkinning.cpp" />
    <ClCompile Include="Engine\Graphics\3D\Skybox.cpp" />
    <ClCompile Include="Engine\Graphics\Animation\Animation.cpp" />
    <ClCompile Include="Engine\Graphics\Animation\AnimationLoader.cpp" />
    <ClCompile Include="Engine\Graphics\Animation\Skelton.cpp" />
    <ClCompile Include="Engine\Graphics\Animation\SkinCluster.cpp" />
    <ClCompile Include="Engine\Graphics\Effects\Cylinder.cpp" />
    <ClCompile Include="Engine\Graphics\Effects\CylinderParticleSystem.cpp" />
    <ClCompile Include="Engine\Graphics\Effects\GPUParticleManager.cpp" />
    <ClCompile Include="Engine\Graphics\Effects\ParticleManager.cpp" />
    <ClCompile Include="Engine\Graphics\Effects\Primitive.cpp" />
    <ClCompile Include="Engine\Graphics\Effects\Ring.cpp" />
    <ClCompile Include="Engine\Input\Input.cpp" />
    <ClCompile Include="Engine\Audio\Sound.cpp" />
    <ClCompile Include="Engine\Camera\Camera.cpp" />
    <ClCompile Include="Engine\Utility\FpsLimiter.cpp" />
    <ClCompile Include="Engine\Utility\Logger.cpp" />
    <ClCompile Include="Engine\Utility\MyMath.cpp" />
    <ClCompile Include="Engine\Utility\StringUtility.cpp" />
    <ClCompile Include="Game\MyGame.cpp" />
    <ClCompile Include="Game\GameScene\GameScene.cpp" />
    <ClCompile Include="Game\Controller\AnimationDebugController.cpp" />
    <ClCompile Include="Game\Controller\CameraDebugController.cpp" />
    <ClCompile Include="Game\Controller\EnvironmentController.cpp" />
    <ClCompile Include="Game\Controller\HitEffectController.cpp" />
    <ClCompile Include="Game\Controller\SceneDebugPanel.cpp" />
    <ClCompile Include="Game\Controller\SceneObjectController.cpp" />
    <ClCompile Include="Game\Controller\SoundController.cpp" />
    <ClCompile Include="Engine\SceneSystem\SceneManager.cpp" />
    <ClCompile Include="externals\imgui\ImGuizmo.cpp" />
    <ClCompile Include="Game\Controller\AnimationDebugPanel.cpp" />
    <ClCompile Include="Game\SceneFactory.cpp" />
    <ClCompile Include="Game\Controller\StageEditor.cpp" />
  </ItemGroup>
  <ItemGroup>
    <ClInclude Include="externals\imgui\imconfig.h" />
    <ClInclude Include="externals\imgui\imgui.h" />
    <ClInclude Include="externals\imgui\imgui_impl_dx12.h" />
    <ClInclude Include="externals\imgui\imgui_impl_win32.h" />
    <ClInclude Include="externals\imgui\imgui_internal.h" />
    <ClInclude Include="externals\imgui\imstb_rectpack.h" />
    <ClInclude Include="externals\imgui\imstb_textedit.h" />
    <ClInclude Include="externals\imgui\imstb_truetype.h" />
    <ClInclude Include="resource.h" />
    <ClInclude Include="Engine\Core\Engine.h" />
    <ClInclude Include="Engine\Core\EngineContext.h" />
    <ClInclude Include="Engine\Core\GameSystem.h" />
    <ClInclude Include="Engine\Core\GraphicsSystem.h" />
    <ClInclude Include="Engine\Core\InputSystem.h" />
    <ClInclude Include="Engine\Core\WindowSystem.h" />
    <ClInclude Include="Engine\Window\WinApp.h" />
    <ClInclude Include="Engine\Graphics\DirectXShaderCompiler.h" />
    <ClInclude Include="Engine\Graphics\ImGuiManager.h" />
    <ClInclude Include="Engine\Graphics\SrvManager.h" />
    <ClInclude Include="Engine\Graphics\TextureManager.h" />
    <ClInclude Include="Engine\Graphics\D3DResourceLeakChecker.h" />
    <ClInclude Include="Engine\Graphics\DirectXCommon.h" />
    <ClInclude Include="Engine\Graphics\2D\Sprite.h" />
    <ClInclude Include="Engine\Graphics\2D\SpriteCommon.h" />
    <ClInclude Include="Engine\Graphics\3D\Model.h" />
    <ClInclude Include="Engine\Graphics\3D\ModelManager.h" />
    <ClInclude Include="Engine\Graphics\3D\Object3d.h" />
    <ClInclude Include="Engine\Graphics\3D\Object3dCommon.h" />
    <ClInclude Include="Engine\Graphics\3D\Object3DSkinning.h" />
    <ClInclude Include="Engine\Graphics\3D\Skybox.h" />
    <ClInclude Include="Engine\Graphics\Animation\Animation.h" />
    <ClInclude Include="Engine\Graphics\Animation\AnimationLoader.h" />
    <ClInclude Include="Engine\Graphics\Animation\Skelton.h" />
    <ClInclude Include="Engine\Graphics\Animation\SkinCluster.h" />
    <ClInclude Include="Engine\Graphics\Effects\Cylinder.h" />
    <ClInclude Include="Engine\Graphics\Effects\CylinderParticleSystem.h" />
    <ClInclude Include="Engine\Graphics\Effects\GPUParticleManager.h" />
    <ClInclude Include="Engine\Graphics\Effects\ParticleManager.h" />
    <ClInclude Include="Engine\Graphics\Effects\Primitive.h" />
    <ClInclude Include="Engine\Graphics\Effects\Ring.h" />
    <ClInclude Include="Engine\Input\Input.h" />
    <ClInclude Include="Engine\Audio\Sound.h" />
    <ClInclude Include="Engine\Camera\Camera.h" />
    <ClInclude Include="Engine\Utility\FpsLimiter.h" />
    <ClInclude Include="Engine\Utility\Json.h" />
    <ClInclude Include="Engine\Utility\Logger.h" />
    <ClInclude Include="Engine\Utility\MyMath.h" />
    <ClInclude Include="Engine\Utility\StringUtility.h" />
    <ClInclude Include="Game\MyGame.h" />
    <ClInclude Include="Game\GameScene\GameScene.h" />
    <ClInclude Include="Game\GameScene\GameSceneDrawMode.h" />
    <ClInclude Include="Engine\Graphics\Effects\EffectMath.h" />
    <ClInclude Include="Engine\Core\D3DResourceHelper.h" />
    <ClInclude Include="Game\Controller\AnimationDebugController.h" />
    <ClInclude Include="Game\Controller\CameraDebugController.h" />
    <ClInclude Include="Game\Controller\EnvironmentController.h" />
    <ClInclude Include="Game\Controller\HitEffectController.h" />
    <ClInclude Include="Game\Controller\SceneDebugPanel.h" />
    <ClInclude Include="Game\Controller\SceneObjectController.h" />
    <ClInclude Include="Game\Controller\SoundController.h" />
    <ClInclude Include="Game\Controller\SceneDebugPanelDetail.h" />
    <ClInclude Include="Game\Controller\SceneDebugPanelEffectTab.h" />
    <ClInclude Include="Game\Controller\SceneDebugPanelEnvironment.h" />
    <ClInclude Include="Game\Controller\SceneDebugPanelGameView.h" />
    <ClInclude Include="Game\Controller\SceneDebugPanelPostEffect.h" />
    <ClInclude Include="Game\Controller\SceneDebugPanelWindows.h" />
    <ClInclude Include="Game\Controller\SceneDebugPanelConsole.h" />
    <ClInclude Include="Game\Controller\SceneDebugPanelAssetInspector.h" />
    <ClInclude Include="Game\Controller\SceneDebugPanelEffectEditor.h" />
    <ClInclude Include="Engine\Graphics\DirectXCommonDevice.h" />
    <ClInclude Include="Engine\Graphics\DirectXCommonFrame.h" />
    <ClInclude Include="Engine\Graphics\DirectXCommonInitialize.h" />
    <ClInclude Include="Engine\Graphics\DirectXCommonPipeline.h" />
    <ClInclude Include="Engine\Graphics\DirectXCommonRenderTexture.h" />
    <ClInclude Include="Engine\Graphics\DirectXCommonUtility.h" />
    <ClInclude Include="Engine\Graphics\Effects\ParticleManagerDraw.h" />
    <ClInclude Include="Engine\Graphics\Effects\ParticleManagerEmit.h" />
    <ClInclude Include="Engine\Graphics\Effects\ParticleManagerLifecycle.h" />
    <ClInclude Include="Engine\Graphics\Effects\ParticleManagerPipeline.h" />
    <ClInclude Include="Engine\Graphics\Effects\ParticleManagerUpdate.h" />
    <ClInclude Include="Engine\Graphics\Effects\GPUParticleManagerComputePipeline.h" />
    <ClInclude Include="Engine\Graphics\Effects\GPUParticleManagerDraw.h" />
    <ClInclude Include="Engine\Graphics\Effects\GPUParticleManagerEmit.h" />
    <ClInclude Include="Engine\Graphics\Effects\GPUParticleManagerGraphicsPipeline.h" />
    <ClInclude Include="Engine\Graphics\Effects\GPUParticleManagerLifecycle.h" />
    <ClInclude Include="Engine\Graphics\Effects\GPUParticleManagerResources.h" />
    <ClInclude Include="Engine\Graphics\Effects\GPUParticleManagerUpdate.h" />
    <ClInclude Include="Engine\Graphics\Effects\GPUParticleManagerUtility.h" />
    <ClInclude Include="Engine\Graphics\Effects\PrimitiveDraw.h" />
    <ClInclude Include="Engine\Graphics\Effects\PrimitiveEmit.h" />
    <ClInclude Include="Engine\Graphics\Effects\PrimitiveLifecycle.h" />
    <ClInclude Include="Engine\Graphics\Effects\PrimitivePipeline.h" />
    <ClInclude Include="Engine\Graphics\Effects\PrimitiveUpdate.h" />
    <ClInclude Include="Game\Controller\HitEffectControllerLoad.h" />
    <ClInclude Include="Game\Controller\HitEffectControllerPresetList.h" />
    <ClInclude Include="Game\Controller\HitEffectControllerRuntime.h" />
    <ClInclude Include="Game\Controller\HitEffectControllerSave.h" />
    <ClInclude Include="Game\Controller\SceneObjectControllerJsonHelpers.h" />
    <ClInclude Include="Game\Controller\SceneObjectControllerLoad.h" />
    <ClInclude Include="Game\Controller\SceneObjectControllerRuntime.h" />
    <ClInclude Include="Game\Controller\SceneObjectControllerSave.h" />
    <ClInclude Include="Game\Controller\AnimationDebugPanel.h" />
    <ClInclude Include="Engine\SceneSystem\AbstractSceneFactory.h" />
    <ClInclude Include="Game\SceneFactory.h" />
    <ClInclude Include="Game\Controller\StageEditor.h" />
  </ItemGroup>
  <ItemGroup>
    <ResourceCompile Include="CG_3.rc" />
  </ItemGroup>
  <ItemGroup>
    <None Include="Resources\shaders\hlsl\Particle.hlsli" />
    <None Include="Resources\shaders\hlsl\FullScreen.hlsli" />
    <None Include="Resources\shaders\hlsl\Fullscreen.VS.hlsl" />
    <None Include="Resources\shaders\hlsl\Grayscale.PS.hlsl" />
    <None Include="Resources\shaders\hlsl\Skybox.hlsli" />
    <None Include="Resources\shaders\hlsl\Skybox.VS.hlsl" />
    <None Include="Resources\shaders\hlsl\Skybox.PS.hlsl" />
    <None Include="Resources\shaders\hlsl\Object3d.hlsli" />
    <None Include="Resources\shaders\hlsl\Object3d.PS.hlsl" />
    <None Include="Resources\shaders\hlsl\Object3d.VS.hlsl" />
    <None Include="Resources\shaders\hlsl\CopyImage.PS.hlsl" />
    <None Include="Resources\shaders\hlsl\HitParticle.PS.hlsl" />
    <None Include="Resources\shaders\hlsl\HitParticle.hlsli" />
    <None Include="Resources\shaders\hlsl\HitParticle.VS.hlsl" />
    <None Include="Resources\shaders\hlsl\Ring.VS.hlsl" />
    <None Include="Resources\shaders\hlsl\Ring.PS.hlsl" />
    <None Include="Resources\shaders\hlsl\CylinderEffect.VS.hlsl" />
    <None Include="Resources\shaders\hlsl\CylinderEffect.PS.hlsl" />
    <None Include="Resources\shaders\hlsl\GPUParticle.hlsli" />
    <None Include="Resources\shaders\hlsl\GPUParticle.CS.hlsl" />
    <None Include="Resources\shaders\hlsl\GPUParticle.VS.hlsl" />
    <None Include="Resources\shaders\hlsl\GPUParticle.PS.hlsl" />
    <None Include="Resources\shaders\hlsl\InitializeGPUParticle.CS.hlsl" />
    <None Include="Resources\shaders\hlsl\EmitParticle.CS.hlsl" />
    <None Include="Resources\shaders\hlsl\Vignette.PS.hlsl" />
    <None Include="Resources\shaders\hlsl\BoxFilter.PS.hlsl" />
    <None Include="Resources\shaders\hlsl\GaussianFilter.PS.hlsl" />
    <None Include="Resources\shaders\hlsl\DepthBasedOutline.PS.hlsl" />
    <None Include="Resources\shaders\hlsl\RadialBlur.PS.hlsl" />
    <None Include="Resources\shaders\hlsl\Dissolve.PS.hlsl" />
    <None Include="Resources\shaders\hlsl\RandomNoise.PS.hlsl" />
  </ItemGroup>
  <ItemGroup>
    <Text Include="externals\imgui\LICENSE.txt" />
  </ItemGroup>
</Project>
